
Microsoft Visual Studio Solution File, Format Version 12.00
# Visual Studio 15
VisualStudioVersion = 15.0.28307.271
MinimumVisualStudioVersion = 10.0.40219.1
Project("{9A19103F-16F7-4668-BE54-9A1E7A4F7556}") = "GitWCore.SqlWorker", "SqlWorker\GitWCore.SqlWorker.csproj", "{98E8DD88-C4B0-4E88-979B-722A65DB8F11}"
EndProject
Global
	GlobalSection(SolutionConfigurationPlatforms) = preSolution
		Debug|Any CPU = Debug|Any CPU
		Release|Any CPU = Release|Any CPU
	EndGlobalSection
	GlobalSection(ProjectConfigurationPlatforms) = postSolution
		{98E8DD88-C4B0-4E88-979B-722A65DB8F11}.Debug|Any CPU.ActiveCfg = Debug|Any CPU
		{98E8DD88-C4B0-4E88-979B-722A65DB8F11}.Debug|Any CPU.Build.0 = Debug|Any CPU
		{98E8DD88-C4B0-4E88-979B-722A65DB8F11}.Release|Any CPU.ActiveCfg = Release|Any CPU
		{98E8DD88-C4B0-4E88-979B-722A65DB8F11}.Release|Any CPU.Build.0 = Release|Any CPU
	EndGlobalSection
	GlobalSection(SolutionProperties) = preSolution
		HideSolutionNode = FALSE
	EndGlobalSection
	GlobalSection(ExtensibilityGlobals) = postSolution
		SolutionGuid = {1ED36327-805F-4C2E-9E04-BB664EBAFA65}
	EndGlobalSection
EndGlobal
